
Microsoft Visual Studio Solution File, Format Version 12.00
Project("{2150E333-8FDC-42A3-9474-1A3956D46DE8}") = "Solution Items", "Solution Items", "{CDC0B908-0630-4D31-A290-C99AD793E2A9}"
	ProjectSection(SolutionItems) = preProject
		.gitignore = .gitignore
		Directory.Build.props = Directory.Build.props
		GitVersion.yaml = GitVersion.yaml
		LICENSE = LICENSE
		README.md = README.md
		renovate.json = renovate.json
		global.json = global.json
	EndProjectSection
EndProject
Project("{FAE04EC0-301F-11D3-BF4B-00C04F79EFBC}") = "cuidgen", "src\cuidgen\cuidgen.csproj", "{DF73FB7B-D9B2-41DA-8281-730435AD93CE}"
EndProject
Project("{2150E333-8FDC-42A3-9474-1A3956D46DE8}") = ".github", ".github", "{F936DD48-6BD5-4307-954D-B1D04BBE5B84}"
EndProject
Project("{2150E333-8FDC-42A3-9474-1A3956D46DE8}") = "workflows", "workflows", "{CF3B7375-2623-4C88-9027-8C07A123E572}"
	ProjectSection(SolutionItems) = preProject
		.github\workflows\ci.yaml = .github\workflows\ci.yaml
		.github\workflows\release.yaml = .github\workflows\release.yaml
	EndProjectSection
EndProject
Project("{2150E333-8FDC-42A3-9474-1A3956D46DE8}") = "ISSUE_TEMPLATE", "ISSUE_TEMPLATE", "{0FF34934-2A60-45A1-A456-6E2DEE1ED2ED}"
	ProjectSection(SolutionItems) = preProject
		.github\ISSUE_TEMPLATE\bug_report.md = .github\ISSUE_TEMPLATE\bug_report.md
		.github\ISSUE_TEMPLATE\config.yml = .github\ISSUE_TEMPLATE\config.yml
		.github\ISSUE_TEMPLATE\feature_request.md = .github\ISSUE_TEMPLATE\feature_request.md
	EndProjectSection
EndProject
Global
	GlobalSection(SolutionConfigurationPlatforms) = preSolution
		Debug|Any CPU = Debug|Any CPU
		Release|Any CPU = Release|Any CPU
	EndGlobalSection
	GlobalSection(ProjectConfigurationPlatforms) = postSolution
		{DF73FB7B-D9B2-41DA-8281-730435AD93CE}.Debug|Any CPU.ActiveCfg = Debug|Any CPU
		{DF73FB7B-D9B2-41DA-8281-730435AD93CE}.Debug|Any CPU.Build.0 = Debug|Any CPU
		{DF73FB7B-D9B2-41DA-8281-730435AD93CE}.Release|Any CPU.ActiveCfg = Release|Any CPU
		{DF73FB7B-D9B2-41DA-8281-730435AD93CE}.Release|Any CPU.Build.0 = Release|Any CPU
	EndGlobalSection
	GlobalSection(NestedProjects) = preSolution
		{F936DD48-6BD5-4307-954D-B1D04BBE5B84} = {CDC0B908-0630-4D31-A290-C99AD793E2A9}
		{CF3B7375-2623-4C88-9027-8C07A123E572} = {F936DD48-6BD5-4307-954D-B1D04BBE5B84}
		{0FF34934-2A60-45A1-A456-6E2DEE1ED2ED} = {F936DD48-6BD5-4307-954D-B1D04BBE5B84}
	EndGlobalSection
EndGlobal
