{
  "version": 1,
  "dependencies": {
    "net6.0": {
      "cuid.net": {
        "type": "Direct",
        "requested": "[2.0.0, )",
        "resolved": "2.0.0",
        "contentHash": "KAMK9qBRGnSe5HXckah94xlnMfqRgst5Rndvm40wUyIt0aoJ9t8wqv/VxysCuXXSnzq+FWRr1NMme6nQUgtoiQ==",
        "dependencies": {
          "BouncyCastle.Cryptography": "2.0.0"
        }
      },
      "McMaster.Extensions.CommandLineUtils": {
        "type": "Direct",
        "requested": "[4.0.2, )",
        "resolved": "4.0.2",
        "contentHash": "/M/p9fPUfu1dtIa+/xJS3hdp4aNIVr3c0reLFP4ZKo1vZy1sXeWeyaSapoVk8dmT79OxJTpLUGDdv0ReBd8d8A==",
        "dependencies": {
          "System.ComponentModel.Annotations": "5.0.0"
        }
      },
      "Microsoft.CodeAnalysis.NetAnalyzers": {
        "type": "Direct",
        "requested": "[7.0.0, )",
        "resolved": "7.0.0",
        "contentHash": "Khlc9eqD9Dqn9C483beBm9NvVLF1atZng9AWc6ujeXyw2xdhDaaTKQ3Nq57r2tGMVle/pIvoNs5lCgTkQ0eB4g=="
      },
      "BouncyCastle.Cryptography": {
        "type": "Transitive",
        "resolved": "2.0.0",
        "contentHash": "pzHd/gZou2SG4tXQQwXt1oEVJ3ZpmHVa5/Hg0k9QMkdc84HEUBb2DI9ajRlw6TS6dTy/UPZXLjpV9Us5L0SeVA=="
      },
      "System.ComponentModel.Annotations": {
        "type": "Transitive",
        "resolved": "5.0.0",
        "contentHash": "dMkqfy2el8A8/I76n2Hi1oBFEbG1SfxD2l5nhwXV3XjlnOmwxJlQbYpJH4W51odnU9sARCSAgv7S3CyAFMkpYg=="
      }
    },
    "net6.0/linux-arm64": {},
    "net6.0/linux-musl-arm64": {},
    "net6.0/linux-musl-x64": {},
    "net6.0/linux-x64": {},
    "net6.0/osx-arm64": {},
    "net6.0/osx-x64": {},
    "net6.0/win-arm64": {},
    "net6.0/win-x64": {}
  }
}